{
    "_readme": [
        "This file locks the dependencies of your project to a known state",
        "Read more about it at https://getcomposer.org/doc/01-basic-usage.md#installing-dependencies",
        "This file is @generated automatically"
    ],
    "content-hash": "ba2861c2e68cd860d906d170cdf177b8",
    "packages": [
        {
            "name": "paybridge-np/sdk",
            "version": "3.0.0",
            "source": {
                "type": "git",
                "url": "https://github.com/paybridgenp/paybridgenp-php-sdk.git",
                "reference": "b84f723070c2f6758f63925c45ec827b84224fde"
            },
            "dist": {
                "type": "zip",
                "url": "https://api.github.com/repos/paybridgenp/paybridgenp-php-sdk/zipball/b84f723070c2f6758f63925c45ec827b84224fde",
                "reference": "b84f723070c2f6758f63925c45ec827b84224fde",
                "shasum": ""
            },
            "require": {
                "ext-curl": "*",
                "ext-json": "*",
                "php": ">=7.4"
            },
            "require-dev": {
                "phpunit/phpunit": "^9.0 || ^10.0"
            },
            "type": "library",
            "autoload": {
                "psr-4": {
                    "PayBridgeNP\\": "src/"
                }
            },
            "notification-url": "https://packagist.org/downloads/",
            "license": [
                "MIT"
            ],
            "description": "Official PHP SDK for PayBridge NP — Nepal payment gateway aggregator",
            "homepage": "https://paybridgenp.com",
            "keywords": [
                "esewa",
                "gateway",
                "khalti",
                "nepal",
                "paybridge",
                "payment"
            ],
            "support": {
                "issues": "https://github.com/paybridgenp/paybridgenp-php-sdk/issues",
                "source": "https://github.com/paybridgenp/paybridgenp-php-sdk/tree/v3.0.0"
            },
            "time": "2026-05-02T05:19:56+00:00"
        }
    ],
    "packages-dev": [],
    "aliases": [],
    "minimum-stability": "stable",
    "stability-flags": {},
    "prefer-stable": false,
    "prefer-lowest": false,
    "platform": {
        "php": ">=7.4",
        "ext-curl": "*",
        "ext-json": "*"
    },
    "platform-dev": {},
    "plugin-api-version": "2.9.0"
}
