{
    "_readme": [
        "This file locks the dependencies of your project to a known state",
        "Read more about it at https://getcomposer.org/doc/01-basic-usage.md#installing-dependencies",
        "This file is @generated automatically"
    ],
    "content-hash": "d2f357c41e9d13049a01f7b4887bffe7",
    "packages": [
        {
            "name": "paybridge-np/sdk",
            "version": "2.0.0",
            "source": {
                "type": "git",
                "url": "https://github.com/paybridgenp/paybridgenp-php-sdk.git",
                "reference": "46ba0f23ddfaf81736fbcae0badc4bacb1c8b1b2"
            },
            "dist": {
                "type": "zip",
                "url": "https://api.github.com/repos/paybridgenp/paybridgenp-php-sdk/zipball/46ba0f23ddfaf81736fbcae0badc4bacb1c8b1b2",
                "reference": "46ba0f23ddfaf81736fbcae0badc4bacb1c8b1b2",
                "shasum": ""
            },
            "require": {
                "ext-curl": "*",
                "ext-json": "*",
                "php": ">=7.4"
            },
            "require-dev": {
                "phpunit/phpunit": "^9.0 || ^10.0"
            },
            "type": "library",
            "autoload": {
                "psr-4": {
                    "PayBridgeNP\\": "src/"
                }
            },
            "notification-url": "https://packagist.org/downloads/",
            "license": [
                "MIT"
            ],
            "description": "Official PHP SDK for PayBridge NP — Nepal payment gateway aggregator",
            "homepage": "https://paybridgenp.com",
            "keywords": [
                "esewa",
                "gateway",
                "khalti",
                "nepal",
                "paybridge",
                "payment"
            ],
            "support": {
                "issues": "https://github.com/paybridgenp/paybridgenp-php-sdk/issues",
                "source": "https://github.com/paybridgenp/paybridgenp-php-sdk/tree/v2.0.0"
            },
            "time": "2026-04-25T18:08:54+00:00"
        }
    ],
    "packages-dev": [],
    "aliases": [],
    "minimum-stability": "stable",
    "stability-flags": {},
    "prefer-stable": false,
    "prefer-lowest": false,
    "platform": {
        "php": ">=7.4",
        "ext-curl": "*",
        "ext-json": "*"
    },
    "platform-dev": {},
    "plugin-api-version": "2.6.0"
}
